
Microsoft Visual Studio Solution File, Format Version 12.00
# Visual Studio Version 16
VisualStudioVersion = 25.0.1704.3
MinimumVisualStudioVersion = 10.0.40219.1
Project("{FAE04EC0-301F-11D3-BF4B-00C04F79EFBC}") = "WebAPI", "WebAPI\WebAPI.csproj", "{49AD6C53-E355-4C19-B9DE-CF9F2DA0BA38}"
EndProject
Global
	GlobalSection(SolutionConfigurationPlatforms) = preSolution
		Debug|Any CPU = Debug|Any CPU
		Release|Any CPU = Release|Any CPU
	EndGlobalSection
	GlobalSection(ProjectConfigurationPlatforms) = postSolution
		{49AD6C53-E355-4C19-B9DE-CF9F2DA0BA38}.Debug|Any CPU.ActiveCfg = Debug|Any CPU
		{49AD6C53-E355-4C19-B9DE-CF9F2DA0BA38}.Debug|Any CPU.Build.0 = Debug|Any CPU
		{49AD6C53-E355-4C19-B9DE-CF9F2DA0BA38}.Release|Any CPU.ActiveCfg = Release|Any CPU
		{49AD6C53-E355-4C19-B9DE-CF9F2DA0BA38}.Release|Any CPU.Build.0 = Release|Any CPU
	EndGlobalSection
	GlobalSection(SolutionProperties) = preSolution
		HideSolutionNode = FALSE
	EndGlobalSection
	GlobalSection(ExtensibilityGlobals) = postSolution
		SolutionGuid = {C0AB372F-C291-4F6C-BB07-DFCE853BEB1B}
	EndGlobalSection
EndGlobal
